
Microsoft Visual Studio Solution File, Format Version 12.00
# Visual Studio Version 17
VisualStudioVersion = 17.1.32421.90
MinimumVisualStudioVersion = 10.0.40219.1
Project("{FAE04EC0-301F-11D3-BF4B-00C04F79EFBC}") = "WebDriverWaitExample", "WebDriverWaitExample\WebDriverWaitExample.csproj", "{5168B30E-CDAE-4B45-9793-43F8C77F865D}"
EndProject
Global
	GlobalSection(SolutionConfigurationPlatforms) = preSolution
		Debug|Any CPU = Debug|Any CPU
		Release|Any CPU = Release|Any CPU
	EndGlobalSection
	GlobalSection(ProjectConfigurationPlatforms) = postSolution
		{5168B30E-CDAE-4B45-9793-43F8C77F865D}.Debug|Any CPU.ActiveCfg = Debug|Any CPU
		{5168B30E-CDAE-4B45-9793-43F8C77F865D}.Debug|Any CPU.Build.0 = Debug|Any CPU
		{5168B30E-CDAE-4B45-9793-43F8C77F865D}.Release|Any CPU.ActiveCfg = Release|Any CPU
		{5168B30E-CDAE-4B45-9793-43F8C77F865D}.Release|Any CPU.Build.0 = Release|Any CPU
	EndGlobalSection
	GlobalSection(SolutionProperties) = preSolution
		HideSolutionNode = FALSE
	EndGlobalSection
	GlobalSection(ExtensibilityGlobals) = postSolution
		SolutionGuid = {73B6EC79-880F-48B5-8527-A1AE02A7432B}
	EndGlobalSection
EndGlobal
